
Microsoft Visual Studio Solution File, Format Version 12.00
# Visual Studio Version 16
VisualStudioVersion = 16.0.32901.82
MinimumVisualStudioVersion = 10.0.40219.1
Project("{FAE04EC0-301F-11D3-BF4B-00C04F79EFBC}") = "MVCAPP", "MVCAPP\MVCAPP.csproj", "{37F8662D-C180-44D2-8AED-91013C402116}"
EndProject
Project("{FAE04EC0-301F-11D3-BF4B-00C04F79EFBC}") = "DataLibrary", "DataLibrary\DataLibrary.csproj", "{7688EDBB-5F33-47B2-981F-594B443C1BA9}"
EndProject
Project("{00D1A9C2-B5F0-4AF3-8072-F6C62B433612}") = "MVCDemoDB", "MVCDemoDB\MVCDemoDB.sqlproj", "{A12AB8D0-4B73-449F-9A33-723B6741057C}"
EndProject
Global
	GlobalSection(SolutionConfigurationPlatforms) = preSolution
		Debug|Any CPU = Debug|Any CPU
		Release|Any CPU = Release|Any CPU
	EndGlobalSection
	GlobalSection(ProjectConfigurationPlatforms) = postSolution
		{37F8662D-C180-44D2-8AED-91013C402116}.Debug|Any CPU.ActiveCfg = Debug|Any CPU
		{37F8662D-C180-44D2-8AED-91013C402116}.Debug|Any CPU.Build.0 = Debug|Any CPU
		{37F8662D-C180-44D2-8AED-91013C402116}.Release|Any CPU.ActiveCfg = Release|Any CPU
		{37F8662D-C180-44D2-8AED-91013C402116}.Release|Any CPU.Build.0 = Release|Any CPU
		{7688EDBB-5F33-47B2-981F-594B443C1BA9}.Debug|Any CPU.ActiveCfg = Debug|Any CPU
		{7688EDBB-5F33-47B2-981F-594B443C1BA9}.Debug|Any CPU.Build.0 = Debug|Any CPU
		{7688EDBB-5F33-47B2-981F-594B443C1BA9}.Release|Any CPU.ActiveCfg = Release|Any CPU
		{7688EDBB-5F33-47B2-981F-594B443C1BA9}.Release|Any CPU.Build.0 = Release|Any CPU
		{A12AB8D0-4B73-449F-9A33-723B6741057C}.Debug|Any CPU.ActiveCfg = Debug|Any CPU
		{A12AB8D0-4B73-449F-9A33-723B6741057C}.Debug|Any CPU.Build.0 = Debug|Any CPU
		{A12AB8D0-4B73-449F-9A33-723B6741057C}.Debug|Any CPU.Deploy.0 = Debug|Any CPU
		{A12AB8D0-4B73-449F-9A33-723B6741057C}.Release|Any CPU.ActiveCfg = Release|Any CPU
		{A12AB8D0-4B73-449F-9A33-723B6741057C}.Release|Any CPU.Build.0 = Release|Any CPU
		{A12AB8D0-4B73-449F-9A33-723B6741057C}.Release|Any CPU.Deploy.0 = Release|Any CPU
	EndGlobalSection
	GlobalSection(SolutionProperties) = preSolution
		HideSolutionNode = FALSE
	EndGlobalSection
	GlobalSection(ExtensibilityGlobals) = postSolution
		SolutionGuid = {D54A8CB6-B1F3-4E61-8141-EFD4372C1282}
	EndGlobalSection
EndGlobal
